// !$*UTF8*$!
{
	archiveVersion = 1;
	classes = {
	};
	objectVersion = 56;
	objects = {

/* Begin PBXBuildFile section */
		08832DB829AD38F400D32625 /* TravelerApp.swift in Sources */ = {isa = PBXBuildFile; fileRef = 08832DB729AD38F400D32625 /* TravelerApp.swift */; };
		08832DBA29AD38F400D32625 /* ContentView.swift in Sources */ = {isa = PBXBuildFile; fileRef = 08832DB929AD38F400D32625 /* ContentView.swift */; };
		08832DBC29AD38F700D32625 /* Assets.xcassets in Resources */ = {isa = PBXBuildFile; fileRef = 08832DBB29AD38F700D32625 /* Assets.xcassets */; };
		08832DBF29AD38F700D32625 /* Preview Assets.xcassets in Resources */ = {isa = PBXBuildFile; fileRef = 08832DBE29AD38F700D32625 /* Preview Assets.xcassets */; };
		08832DC929AD38F700D32625 /* TravelerTests.swift in Sources */ = {isa = PBXBuildFile; fileRef = 08832DC829AD38F700D32625 /* TravelerTests.swift */; };
		08832DD329AD38F700D32625 /* TravelerUITests.swift in Sources */ = {isa = PBXBuildFile; fileRef = 08832DD229AD38F700D32625 /* TravelerUITests.swift */; };
		08832DD529AD38F700D32625 /* TravelerUITestsLaunchTests.swift in Sources */ = {isa = PBXBuildFile; fileRef = 08832DD429AD38F700D32625 /* TravelerUITestsLaunchTests.swift */; };
		08832E1929AD502000D32625 /* Restaurant.swift in Sources */ = {isa = PBXBuildFile; fileRef = 08832E1829AD502000D32625 /* Restaurant.swift */; };
		08832E1D29AD549B00D32625 /* ViewModelRestaurant.swift in Sources */ = {isa = PBXBuildFile; fileRef = 08832E1C29AD549B00D32625 /* ViewModelRestaurant.swift */; };
		08832E2029AD561E00D32625 /* ViewRestaurant.swift in Sources */ = {isa = PBXBuildFile; fileRef = 08832E1F29AD561E00D32625 /* ViewRestaurant.swift */; };
		08832E4129B0AF2000D32625 /* ViewMap.swift in Sources */ = {isa = PBXBuildFile; fileRef = 08832E4029B0AF2000D32625 /* ViewMap.swift */; };
/* End PBXBuildFile section */

/* Begin PBXContainerItemProxy section */
		08832DC529AD38F700D32625 /* PBXContainerItemProxy */ = {
			isa = PBXContainerItemProxy;
			containerPortal = 08832DAC29AD38F400D32625 /* Project object */;
			proxyType = 1;
			remoteGlobalIDString = 08832DB329AD38F400D32625;
			remoteInfo = Traveler;
		};
		08832DCF29AD38F700D32625 /* PBXContainerItemProxy */ = {
			isa = PBXContainerItemProxy;
			containerPortal = 08832DAC29AD38F400D32625 /* Project object */;
			proxyType = 1;
			remoteGlobalIDString = 08832DB329AD38F400D32625;
			remoteInfo = Traveler;
		};
/* End PBXContainerItemProxy section */

/* Begin PBXFileReference section */
		08832DB429AD38F400D32625 /* Traveler.app */ = {isa = PBXFileReference; explicitFileType = wrapper.application; includeInIndex = 0; path = Traveler.app; sourceTree = BUILT_PRODUCTS_DIR; };
		08832DB729AD38F400D32625 /* TravelerApp.swift */ = {isa = PBXFileReference; lastKnownFileType = sourcecode.swift; path = TravelerApp.swift; sourceTree = "<group>"; };
		08832DB929AD38F400D32625 /* ContentView.swift */ = {isa = PBXFileReference; lastKnownFileType = sourcecode.swift; path = ContentView.swift; sourceTree = "<group>"; };
		08832DBB29AD38F700D32625 /* Assets.xcassets */ = {isa = PBXFileReference; lastKnownFileType = folder.assetcatalog; path = Assets.xcassets; sourceTree = "<group>"; };
		08832DBE29AD38F700D32625 /* Preview Assets.xcassets */ = {isa = PBXFileReference; lastKnownFileType = folder.assetcatalog; path = "Preview Assets.xcassets"; sourceTree = "<group>"; };
		08832DC429AD38F700D32625 /* TravelerTests.xctest */ = {isa = PBXFileReference; explicitFileType = wrapper.cfbundle; includeInIndex = 0; path = TravelerTests.xctest; sourceTree = BUILT_PRODUCTS_DIR; };
		08832DC829AD38F700D32625 /* TravelerTests.swift */ = {isa = PBXFileReference; lastKnownFileType = sourcecode.swift; path = TravelerTests.swift; sourceTree = "<group>"; };
		08832DCE29AD38F700D32625 /* TravelerUITests.xctest */ = {isa = PBXFileReference; explicitFileType = wrapper.cfbundle; includeInIndex = 0; path = TravelerUITests.xctest; sourceTree = BUILT_PRODUCTS_DIR; };
		08832DD229AD38F700D32625 /* TravelerUITests.swift */ = {isa = PBXFileReference; lastKnownFileType = sourcecode.swift; path = TravelerUITests.swift; sourceTree = "<group>"; };
		08832DD429AD38F700D32625 /* TravelerUITestsLaunchTests.swift */ = {isa = PBXFileReference; lastKnownFileType = sourcecode.swift; path = TravelerUITestsLaunchTests.swift; sourceTree = "<group>"; };
		08832E1829AD502000D32625 /* Restaurant.swift */ = {isa = PBXFileReference; lastKnownFileType = sourcecode.swift; path = Restaurant.swift; sourceTree = "<group>"; };
		08832E1C29AD549B00D32625 /* ViewModelRestaurant.swift */ = {isa = PBXFileReference; lastKnownFileType = sourcecode.swift; path = ViewModelRestaurant.swift; sourceTree = "<group>"; };
		08832E1F29AD561E00D32625 /* ViewRestaurant.swift */ = {isa = PBXFileReference; lastKnownFileType = sourcecode.swift; path = ViewRestaurant.swift; sourceTree = "<group>"; };
		08832E4029B0AF2000D32625 /* ViewMap.swift */ = {isa = PBXFileReference; lastKnownFileType = sourcecode.swift; path = ViewMap.swift; sourceTree = "<group>"; };
/* End PBXFileReference section */

/* Begin PBXFrameworksBuildPhase section */
		08832DB129AD38F400D32625 /* Frameworks */ = {
			isa = PBXFrameworksBuildPhase;
			buildActionMask = 2147483647;
			files = (
			);
			runOnlyForDeploymentPostprocessing = 0;
		};
		08832DC129AD38F700D32625 /* Frameworks */ = {
			isa = PBXFrameworksBuildPhase;
			buildActionMask = 2147483647;
			files = (
			);
			runOnlyForDeploymentPostprocessing = 0;
		};
		08832DCB29AD38F700D32625 /* Frameworks */ = {
			isa = PBXFrameworksBuildPhase;
			buildActionMask = 2147483647;
			files = (
			);
			runOnlyForDeploymentPostprocessing = 0;
		};
/* End PBXFrameworksBuildPhase section */

/* Begin PBXGroup section */
		08832DAB29AD38F400D32625 = {
			isa = PBXGroup;
			children = (
				08832DB629AD38F400D32625 /* Traveler */,
				08832DC729AD38F700D32625 /* TravelerTests */,
				08832DD129AD38F700D32625 /* TravelerUITests */,
				08832DB529AD38F400D32625 /* Products */,
			);
			sourceTree = "<group>";
		};
		08832DB529AD38F400D32625 /* Products */ = {
			isa = PBXGroup;
			children = (
				08832DB429AD38F400D32625 /* Traveler.app */,
				08832DC429AD38F700D32625 /* TravelerTests.xctest */,
				08832DCE29AD38F700D32625 /* TravelerUITests.xctest */,
			);
			name = Products;
			sourceTree = "<group>";
		};
		08832DB629AD38F400D32625 /* Traveler */ = {
			isa = PBXGroup;
			children = (
				08832E1E29AD55FA00D32625 /* Views */,
				08832E1B29AD544A00D32625 /* ViewModels */,
				08832E1729AD4FD700D32625 /* Models */,
				08832DB729AD38F400D32625 /* TravelerApp.swift */,
				08832DB929AD38F400D32625 /* ContentView.swift */,
				08832DBB29AD38F700D32625 /* Assets.xcassets */,
				08832DBD29AD38F700D32625 /* Preview Content */,
			);
			path = Traveler;
			sourceTree = "<group>";
		};
		08832DBD29AD38F700D32625 /* Preview Content */ = {
			isa = PBXGroup;
			children = (
				08832DBE29AD38F700D32625 /* Preview Assets.xcassets */,
			);
			path = "Preview Content";
			sourceTree = "<group>";
		};
		08832DC729AD38F700D32625 /* TravelerTests */ = {
			isa = PBXGroup;
			children = (
				08832DC829AD38F700D32625 /* TravelerTests.swift */,
			);
			path = TravelerTests;
			sourceTree = "<group>";
		};
		08832DD129AD38F700D32625 /* TravelerUITests */ = {
			isa = PBXGroup;
			children = (
				08832DD229AD38F700D32625 /* TravelerUITests.swift */,
				08832DD429AD38F700D32625 /* TravelerUITestsLaunchTests.swift */,
			);
			path = TravelerUITests;
			sourceTree = "<group>";
		};
		08832E1729AD4FD700D32625 /* Models */ = {
			isa = PBXGroup;
			children = (
				08832E1829AD502000D32625 /* Restaurant.swift */,
			);
			path = Models;
			sourceTree = "<group>";
		};
		08832E1B29AD544A00D32625 /* ViewModels */ = {
			isa = PBXGroup;
			children = (
				08832E1C29AD549B00D32625 /* ViewModelRestaurant.swift */,
			);
			path = ViewModels;
			sourceTree = "<group>";
		};
		08832E1E29AD55FA00D32625 /* Views */ = {
			isa = PBXGroup;
			children = (
				08832E1F29AD561E00D32625 /* ViewRestaurant.swift */,
				08832E4029B0AF2000D32625 /* ViewMap.swift */,
			);
			path = Views;
			sourceTree = "<group>";
		};
/* End PBXGroup section */

/* Begin PBXNativeTarget section */
		08832DB329AD38F400D32625 /* Traveler */ = {
			isa = PBXNativeTarget;
			buildConfigurationList = 08832DD829AD38F700D32625 /* Build configuration list for PBXNativeTarget "Traveler" */;
			buildPhases = (
				08832DB029AD38F400D32625 /* Sources */,
				08832DB129AD38F400D32625 /* Frameworks */,
				08832DB229AD38F400D32625 /* Resources */,
			);
			buildRules = (
			);
			dependencies = (
			);
			name = Traveler;
			productName = Traveler;
			productReference = 08832DB429AD38F400D32625 /* Traveler.app */;
			productType = "com.apple.product-type.application";
		};
		08832DC329AD38F700D32625 /* TravelerTests */ = {
			isa = PBXNativeTarget;
			buildConfigurationList = 08832DDB29AD38F700D32625 /* Build configuration list for PBXNativeTarget "TravelerTests" */;
			buildPhases = (
				08832DC029AD38F700D32625 /* Sources */,
				08832DC129AD38F700D32625 /* Frameworks */,
				08832DC229AD38F700D32625 /* Resources */,
			);
			buildRules = (
			);
			dependencies = (
				08832DC629AD38F700D32625 /* PBXTargetDependency */,
			);
			name = TravelerTests;
			productName = TravelerTests;
			productReference = 08832DC429AD38F700D32625 /* TravelerTests.xctest */;
			productType = "com.apple.product-type.bundle.unit-test";
		};
		08832DCD29AD38F700D32625 /* TravelerUITests */ = {
			isa = PBXNativeTarget;
			buildConfigurationList = 08832DDE29AD38F700D32625 /* Build configuration list for PBXNativeTarget "TravelerUITests" */;
			buildPhases = (
				08832DCA29AD38F700D32625 /* Sources */,
				08832DCB29AD38F700D32625 /* Frameworks */,
				08832DCC29AD38F700D32625 /* Resources */,
			);
			buildRules = (
			);
			dependencies = (
				08832DD029AD38F700D32625 /* PBXTargetDependency */,
			);
			name = TravelerUITests;
			productName = TravelerUITests;
			productReference = 08832DCE29AD38F700D32625 /* TravelerUITests.xctest */;
			productType = "com.apple.product-type.bundle.ui-testing";
		};
/* End PBXNativeTarget section */

/* Begin PBXProject section */
		08832DAC29AD38F400D32625 /* Project object */ = {
			isa = PBXProject;
			attributes = {
				BuildIndependentTargetsInParallel = 1;
				LastSwiftUpdateCheck = 1420;
				LastUpgradeCheck = 1420;
				TargetAttributes = {
					08832DB329AD38F400D32625 = {
						CreatedOnToolsVersion = 14.2;
					};
					08832DC329AD38F700D32625 = {
						CreatedOnToolsVersion = 14.2;
						TestTargetID = 08832DB329AD38F400D32625;
					};
					08832DCD29AD38F700D32625 = {
						CreatedOnToolsVersion = 14.2;
						TestTargetID = 08832DB329AD38F400D32625;
					};
				};
			};
			buildConfigurationList = 08832DAF29AD38F400D32625 /* Build configuration list for PBXProject "Traveler" */;
			compatibilityVersion = "Xcode 14.0";
			developmentRegion = en;
			hasScannedForEncodings = 0;
			knownRegions = (
				en,
				Base,
			);
			mainGroup = 08832DAB29AD38F400D32625;
			productRefGroup = 08832DB529AD38F400D32625 /* Products */;
			projectDirPath = "";
			projectRoot = "";
			targets = (
				08832DB329AD38F400D32625 /* Traveler */,
				08832DC329AD38F700D32625 /* TravelerTests */,
				08832DCD29AD38F700D32625 /* TravelerUITests */,
			);
		};
/* End PBXProject section */

/* Begin PBXResourcesBuildPhase section */
		08832DB229AD38F400D32625 /* Resources */ = {
			isa = PBXResourcesBuildPhase;
			buildActionMask = 2147483647;
			files = (
				08832DBF29AD38F700D32625 /* Preview Assets.xcassets in Resources */,
				08832DBC29AD38F700D32625 /* Assets.xcassets in Resources */,
			);
			runOnlyForDeploymentPostprocessing = 0;
		};
		08832DC229AD38F700D32625 /* Resources */ = {
			isa = PBXResourcesBuildPhase;
			buildActionMask = 2147483647;
			files = (
			);
			runOnlyForDeploymentPostprocessing = 0;
		};
		08832DCC29AD38F700D32625 /* Resources */ = {
			isa = PBXResourcesBuildPhase;
			buildActionMask = 2147483647;
			files = (
			);
			runOnlyForDeploymentPostprocessing = 0;
		};
/* End PBXResourcesBuildPhase section */

/* Begin PBXSourcesBuildPhase section */
		08832DB029AD38F400D32625 /* Sources */ = {
			isa = PBXSourcesBuildPhase;
			buildActionMask = 2147483647;
			files = (
				08832DBA29AD38F400D32625 /* ContentView.swift in Sources */,
				08832E4129B0AF2000D32625 /* ViewMap.swift in Sources */,
				08832E2029AD561E00D32625 /* ViewRestaurant.swift in Sources */,
				08832E1D29AD549B00D32625 /* ViewModelRestaurant.swift in Sources */,
				08832DB829AD38F400D32625 /* TravelerApp.swift in Sources */,
				08832E1929AD502000D32625 /* Restaurant.swift in Sources */,
			);
			runOnlyForDeploymentPostprocessing = 0;
		};
		08832DC029AD38F700D32625 /* Sources */ = {
			isa = PBXSourcesBuildPhase;
			buildActionMask = 2147483647;
			files = (
				08832DC929AD38F700D32625 /* TravelerTests.swift in Sources */,
			);
			runOnlyForDeploymentPostprocessing = 0;
		};
		08832DCA29AD38F700D32625 /* Sources */ = {
			isa = PBXSourcesBuildPhase;
			buildActionMask = 2147483647;
			files = (
				08832DD529AD38F700D32625 /* TravelerUITestsLaunchTests.swift in Sources */,
				08832DD329AD38F700D32625 /* TravelerUITests.swift in Sources */,
			);
			runOnlyForDeploymentPostprocessing = 0;
		};
/* End PBXSourcesBuildPhase section */

/* Begin PBXTargetDependency section */
		08832DC629AD38F700D32625 /* PBXTargetDependency */ = {
			isa = PBXTargetDependency;
			target = 08832DB329AD38F400D32625 /* Traveler */;
			targetProxy = 08832DC529AD38F700D32625 /* PBXContainerItemProxy */;
		};
		08832DD029AD38F700D32625 /* PBXTargetDependency */ = {
			isa = PBXTargetDependency;
			target = 08832DB329AD38F400D32625 /* Traveler */;
			targetProxy = 08832DCF29AD38F700D32625 /* PBXContainerItemProxy */;
		};
/* End PBXTargetDependency section */

/* Begin XCBuildConfiguration section */
		08832DD629AD38F700D32625 /* Debug */ = {
			isa = XCBuildConfiguration;
			buildSettings = {
				ALWAYS_SEARCH_USER_PATHS = NO;
				CLANG_ANALYZER_NONNULL = YES;
				CLANG_ANALYZER_NUMBER_OBJECT_CONVERSION = YES_AGGRESSIVE;
				CLANG_CXX_LANGUAGE_STANDARD = "gnu++20";
				CLANG_ENABLE_MODULES = YES;
				CLANG_ENABLE_OBJC_ARC = YES;
				CLANG_ENABLE_OBJC_WEAK = YES;
				CLANG_WARN_BLOCK_CAPTURE_AUTORELEASING = YES;
				CLANG_WARN_BOOL_CONVERSION = YES;
				CLANG_WARN_COMMA = YES;
				CLANG_WARN_CONSTANT_CONVERSION = YES;
				CLANG_WARN_DEPRECATED_OBJC_IMPLEMENTATIONS = YES;
				CLANG_WARN_DIRECT_OBJC_ISA_USAGE = YES_ERROR;
				CLANG_WARN_DOCUMENTATION_COMMENTS = YES;
				CLANG_WARN_EMPTY_BODY = YES;
				CLANG_WARN_ENUM_CONVERSION = YES;
				CLANG_WARN_INFINITE_RECURSION = YES;
				CLANG_WARN_INT_CONVERSION = YES;
				CLANG_WARN_NON_LITERAL_NULL_CONVERSION = YES;
				CLANG_WARN_OBJC_IMPLICIT_RETAIN_SELF = YES;
				CLANG_WARN_OBJC_LITERAL_CONVERSION = YES;
				CLANG_WARN_OBJC_ROOT_CLASS = YES_ERROR;
				CLANG_WARN_QUOTED_INCLUDE_IN_FRAMEWORK_HEADER = YES;
				CLANG_WARN_RANGE_LOOP_ANALYSIS = YES;
				CLANG_WARN_STRICT_PROTOTYPES = YES;
				CLANG_WARN_SUSPICIOUS_MOVE = YES;
				CLANG_WARN_UNGUARDED_AVAILABILITY = YES_AGGRESSIVE;
				CLANG_WARN_UNREACHABLE_CODE = YES;
				CLANG_WARN__DUPLICATE_METHOD_MATCH = YES;
				COPY_PHASE_STRIP = NO;
				DEBUG_INFORMATION_FORMAT = dwarf;
				ENABLE_STRICT_OBJC_MSGSEND = YES;
				ENABLE_TESTABILITY = YES;
				GCC_C_LANGUAGE_STANDARD = gnu11;
				GCC_DYNAMIC_NO_PIC = NO;
				GCC_NO_COMMON_BLOCKS = YES;
				GCC_OPTIMIZATION_LEVEL = 0;
				GCC_PREPROCESSOR_DEFINITIONS = (
					"DEBUG=1",
					"$(inherited)",
				);
				GCC_WARN_64_TO_32_BIT_CONVERSION = YES;
				GCC_WARN_ABOUT_RETURN_TYPE = YES_ERROR;
				GCC_WARN_UNDECLARED_SELECTOR = YES;
				GCC_WARN_UNINITIALIZED_AUTOS = YES_AGGRESSIVE;
				GCC_WARN_UNUSED_FUNCTION = YES;
				GCC_WARN_UNUSED_VARIABLE = YES;
				IPHONEOS_DEPLOYMENT_TARGET = 16.2;
				MTL_ENABLE_DEBUG_INFO = INCLUDE_SOURCE;
				MTL_FAST_MATH = YES;
				ONLY_ACTIVE_ARCH = YES;
				SDKROOT = iphoneos;
				SWIFT_ACTIVE_COMPILATION_CONDITIONS = DEBUG;
				SWIFT_OPTIMIZATION_LEVEL = "-Onone";
			};
			name = Debug;
		};
		08832DD729AD38F700D32625 /* Release */ = {
			isa = XCBuildConfiguration;
			buildSettings = {
				ALWAYS_SEARCH_USER_PATHS = NO;
				CLANG_ANALYZER_NONNULL = YES;
				CLANG_ANALYZER_NUMBER_OBJECT_CONVERSION = YES_AGGRESSIVE;
				CLANG_CXX_LANGUAGE_STANDARD = "gnu++20";
				CLANG_ENABLE_MODULES = YES;
				CLANG_ENABLE_OBJC_ARC = YES;
				CLANG_ENABLE_OBJC_WEAK = YES;
				CLANG_WARN_BLOCK_CAPTURE_AUTORELEASING = YES;
				CLANG_WARN_BOOL_CONVERSION = YES;
				CLANG_WARN_COMMA = YES;
				CLANG_WARN_CONSTANT_CONVERSION = YES;
				CLANG_WARN_DEPRECATED_OBJC_IMPLEMENTATIONS = YES;
				CLANG_WARN_DIRECT_OBJC_ISA_USAGE = YES_ERROR;
				CLANG_WARN_DOCUMENTATION_COMMENTS = YES;
				CLANG_WARN_EMPTY_BODY = YES;
				CLANG_WARN_ENUM_CONVERSION = YES;
				CLANG_WARN_INFINITE_RECURSION = YES;
				CLANG_WARN_INT_CONVERSION = YES;
				CLANG_WARN_NON_LITERAL_NULL_CONVERSION = YES;
				CLANG_WARN_OBJC_IMPLICIT_RETAIN_SELF = YES;
				CLANG_WARN_OBJC_LITERAL_CONVERSION = YES;
				CLANG_WARN_OBJC_ROOT_CLASS = YES_ERROR;
				CLANG_WARN_QUOTED_INCLUDE_IN_FRAMEWORK_HEADER = YES;
				CLANG_WARN_RANGE_LOOP_ANALYSIS = YES;
				CLANG_WARN_STRICT_PROTOTYPES = YES;
				CLANG_WARN_SUSPICIOUS_MOVE = YES;
				CLANG_WARN_UNGUARDED_AVAILABILITY = YES_AGGRESSIVE;
				CLANG_WARN_UNREACHABLE_CODE = YES;
				CLANG_WARN__DUPLICATE_METHOD_MATCH = YES;
				COPY_PHASE_STRIP = NO;
				DEBUG_INFORMATION_FORMAT = "dwarf-with-dsym";
				ENABLE_NS_ASSERTIONS = NO;
				ENABLE_STRICT_OBJC_MSGSEND = YES;
				GCC_C_LANGUAGE_STANDARD = gnu11;
				GCC_NO_COMMON_BLOCKS = YES;
				GCC_WARN_64_TO_32_BIT_CONVERSION = YES;
				GCC_WARN_ABOUT_RETURN_TYPE = YES_ERROR;
				GCC_WARN_UNDECLARED_SELECTOR = YES;
				GCC_WARN_UNINITIALIZED_AUTOS = YES_AGGRESSIVE;
				GCC_WARN_UNUSED_FUNCTION = YES;
				GCC_WARN_UNUSED_VARIABLE = YES;
				IPHONEOS_DEPLOYMENT_TARGET = 16.2;
				MTL_ENABLE_DEBUG_INFO = NO;
				MTL_FAST_MATH = YES;
				SDKROOT = iphoneos;
				SWIFT_COMPILATION_MODE = wholemodule;
				SWIFT_OPTIMIZATION_LEVEL = "-O";
				VALIDATE_PRODUCT = YES;
			};
			name = Release;
		};
		08832DD929AD38F700D32625 /* Debug */ = {
			isa = XCBuildConfiguration;
			buildSettings = {
				ASSETCATALOG_COMPILER_APPICON_NAME = AppIcon;
				ASSETCATALOG_COMPILER_GLOBAL_ACCENT_COLOR_NAME = AccentColor;
				CODE_SIGN_STYLE = Automatic;
				CURRENT_PROJECT_VERSION = 1;
				DEVELOPMENT_ASSET_PATHS = "\"Traveler/Preview Content\"";
				ENABLE_PREVIEWS = YES;
				GENERATE_INFOPLIST_FILE = YES;
				INFOPLIST_KEY_UIApplicationSceneManifest_Generation = YES;
				INFOPLIST_KEY_UIApplicationSupportsIndirectInputEvents = YES;
				INFOPLIST_KEY_UILaunchScreen_Generation = YES;
				INFOPLIST_KEY_UISupportedInterfaceOrientations_iPad = "UIInterfaceOrientationPortrait UIInterfaceOrientationPortraitUpsideDown UIInterfaceOrientationLandscapeLeft UIInterfaceOrientationLandscapeRight";
				INFOPLIST_KEY_UISupportedInterfaceOrientations_iPhone = "UIInterfaceOrientationPortrait UIInterfaceOrientationLandscapeLeft UIInterfaceOrientationLandscapeRight";
				LD_RUNPATH_SEARCH_PATHS = (
					"$(inherited)",
					"@executable_path/Frameworks",
				);
				MARKETING_VERSION = 1.0;
				PRODUCT_BUNDLE_IDENTIFIER = Bimba.Traveler;
				PRODUCT_NAME = "$(TARGET_NAME)";
				SWIFT_EMIT_LOC_STRINGS = YES;
				SWIFT_VERSION = 5.0;
				TARGETED_DEVICE_FAMILY = "1,2";
			};
			name = Debug;
		};
		08832DDA29AD38F700D32625 /* Release */ = {
			isa = XCBuildConfiguration;
			buildSettings = {
				ASSETCATALOG_COMPILER_APPICON_NAME = AppIcon;
				ASSETCATALOG_COMPILER_GLOBAL_ACCENT_COLOR_NAME = AccentColor;
				CODE_SIGN_STYLE = Automatic;
				CURRENT_PROJECT_VERSION = 1;
				DEVELOPMENT_ASSET_PATHS = "\"Traveler/Preview Content\"";
				ENABLE_PREVIEWS = YES;
				GENERATE_INFOPLIST_FILE = YES;
				INFOPLIST_KEY_UIApplicationSceneManifest_Generation = YES;
				INFOPLIST_KEY_UIApplicationSupportsIndirectInputEvents = YES;
				INFOPLIST_KEY_UILaunchScreen_Generation = YES;
				INFOPLIST_KEY_UISupportedInterfaceOrientations_iPad = "UIInterfaceOrientationPortrait UIInterfaceOrientationPortraitUpsideDown UIInterfaceOrientationLandscapeLeft UIInterfaceOrientationLandscapeRight";
				INFOPLIST_KEY_UISupportedInterfaceOrientations_iPhone = "UIInterfaceOrientationPortrait UIInterfaceOrientationLandscapeLeft UIInterfaceOrientationLandscapeRight";
				LD_RUNPATH_SEARCH_PATHS = (
					"$(inherited)",
					"@executable_path/Frameworks",
				);
				MARKETING_VERSION = 1.0;
				PRODUCT_BUNDLE_IDENTIFIER = Bimba.Traveler;
				PRODUCT_NAME = "$(TARGET_NAME)";
				SWIFT_EMIT_LOC_STRINGS = YES;
				SWIFT_VERSION = 5.0;
				TARGETED_DEVICE_FAMILY = "1,2";
			};
			name = Release;
		};
		08832DDC29AD38F700D32625 /* Debug */ = {
			isa = XCBuildConfiguration;
			buildSettings = {
				ALWAYS_EMBED_SWIFT_STANDARD_LIBRARIES = YES;
				BUNDLE_LOADER = "$(TEST_HOST)";
				CODE_SIGN_STYLE = Automatic;
				CURRENT_PROJECT_VERSION = 1;
				GENERATE_INFOPLIST_FILE = YES;
				IPHONEOS_DEPLOYMENT_TARGET = 16.2;
				MARKETING_VERSION = 1.0;
				PRODUCT_BUNDLE_IDENTIFIER = Bimba.TravelerTests;
				PRODUCT_NAME = "$(TARGET_NAME)";
				SWIFT_EMIT_LOC_STRINGS = NO;
				SWIFT_VERSION = 5.0;
				TARGETED_DEVICE_FAMILY = "1,2";
				TEST_HOST = "$(BUILT_PRODUCTS_DIR)/Traveler.app/$(BUNDLE_EXECUTABLE_FOLDER_PATH)/Traveler";
			};
			name = Debug;
		};
		08832DDD29AD38F700D32625 /* Release */ = {
			isa = XCBuildConfiguration;
			buildSettings = {
				ALWAYS_EMBED_SWIFT_STANDARD_LIBRARIES = YES;
				BUNDLE_LOADER = "$(TEST_HOST)";
				CODE_SIGN_STYLE = Automatic;
				CURRENT_PROJECT_VERSION = 1;
				GENERATE_INFOPLIST_FILE = YES;
				IPHONEOS_DEPLOYMENT_TARGET = 16.2;
				MARKETING_VERSION = 1.0;
				PRODUCT_BUNDLE_IDENTIFIER = Bimba.TravelerTests;
				PRODUCT_NAME = "$(TARGET_NAME)";
				SWIFT_EMIT_LOC_STRINGS = NO;
				SWIFT_VERSION = 5.0;
				TARGETED_DEVICE_FAMILY = "1,2";
				TEST_HOST = "$(BUILT_PRODUCTS_DIR)/Traveler.app/$(BUNDLE_EXECUTABLE_FOLDER_PATH)/Traveler";
			};
			name = Release;
		};
		08832DDF29AD38F700D32625 /* Debug */ = {
			isa = XCBuildConfiguration;
			buildSettings = {
				ALWAYS_EMBED_SWIFT_STANDARD_LIBRARIES = YES;
				CODE_SIGN_STYLE = Automatic;
				CURRENT_PROJECT_VERSION = 1;
				GENERATE_INFOPLIST_FILE = YES;
				MARKETING_VERSION = 1.0;
				PRODUCT_BUNDLE_IDENTIFIER = Bimba.TravelerUITests;
				PRODUCT_NAME = "$(TARGET_NAME)";
				SWIFT_EMIT_LOC_STRINGS = NO;
				SWIFT_VERSION = 5.0;
				TARGETED_DEVICE_FAMILY = "1,2";
				TEST_TARGET_NAME = Traveler;
			};
			name = Debug;
		};
		08832DE029AD38F700D32625 /* Release */ = {
			isa = XCBuildConfiguration;
			buildSettings = {
				ALWAYS_EMBED_SWIFT_STANDARD_LIBRARIES = YES;
				CODE_SIGN_STYLE = Automatic;
				CURRENT_PROJECT_VERSION = 1;
				GENERATE_INFOPLIST_FILE = YES;
				MARKETING_VERSION = 1.0;
				PRODUCT_BUNDLE_IDENTIFIER = Bimba.TravelerUITests;
				PRODUCT_NAME = "$(TARGET_NAME)";
				SWIFT_EMIT_LOC_STRINGS = NO;
				SWIFT_VERSION = 5.0;
				TARGETED_DEVICE_FAMILY = "1,2";
				TEST_TARGET_NAME = Traveler;
			};
			name = Release;
		};
/* End XCBuildConfiguration section */

/* Begin XCConfigurationList section */
		08832DAF29AD38F400D32625 /* Build configuration list for PBXProject "Traveler" */ = {
			isa = XCConfigurationList;
			buildConfigurations = (
				08832DD629AD38F700D32625 /* Debug */,
				08832DD729AD38F700D32625 /* Release */,
			);
			defaultConfigurationIsVisible = 0;
			defaultConfigurationName = Release;
		};
		08832DD829AD38F700D32625 /* Build configuration list for PBXNativeTarget "Traveler" */ = {
			isa = XCConfigurationList;
			buildConfigurations = (
				08832DD929AD38F700D32625 /* Debug */,
				08832DDA29AD38F700D32625 /* Release */,
			);
			defaultConfigurationIsVisible = 0;
			defaultConfigurationName = Release;
		};
		08832DDB29AD38F700D32625 /* Build configuration list for PBXNativeTarget "TravelerTests" */ = {
			isa = XCConfigurationList;
			buildConfigurations = (
				08832DDC29AD38F700D32625 /* Debug */,
				08832DDD29AD38F700D32625 /* Release */,
			);
			defaultConfigurationIsVisible = 0;
			defaultConfigurationName = Release;
		};
		08832DDE29AD38F700D32625 /* Build configuration list for PBXNativeTarget "TravelerUITests" */ = {
			isa = XCConfigurationList;
			buildConfigurations = (
				08832DDF29AD38F700D32625 /* Debug */,
				08832DE029AD38F700D32625 /* Release */,
			);
			defaultConfigurationIsVisible = 0;
			defaultConfigurationName = Release;
		};
/* End XCConfigurationList section */
	};
	rootObject = 08832DAC29AD38F400D32625 /* Project object */;
}
